
Microsoft Visual Studio Solution File, Format Version 12.00
# Visual Studio Version 16
VisualStudioVersion = 16.0.29503.13
MinimumVisualStudioVersion = 10.0.40219.1
Project("{FAE04EC0-301F-11D3-BF4B-00C04F79EFBC}") = "FirsrtSeleniumApp", "FirsrtSeleniumApp.csproj", "{1351D844-8C1D-4F1C-83A0-3345FE573A3C}"
EndProject
Global
	GlobalSection(SolutionConfigurationPlatforms) = preSolution
		Debug|Any CPU = Debug|Any CPU
		Release|Any CPU = Release|Any CPU
	EndGlobalSection
	GlobalSection(ProjectConfigurationPlatforms) = postSolution
		{1351D844-8C1D-4F1C-83A0-3345FE573A3C}.Debug|Any CPU.ActiveCfg = Debug|Any CPU
		{1351D844-8C1D-4F1C-83A0-3345FE573A3C}.Debug|Any CPU.Build.0 = Debug|Any CPU
		{1351D844-8C1D-4F1C-83A0-3345FE573A3C}.Release|Any CPU.ActiveCfg = Release|Any CPU
		{1351D844-8C1D-4F1C-83A0-3345FE573A3C}.Release|Any CPU.Build.0 = Release|Any CPU
	EndGlobalSection
	GlobalSection(SolutionProperties) = preSolution
		HideSolutionNode = FALSE
	EndGlobalSection
	GlobalSection(ExtensibilityGlobals) = postSolution
		SolutionGuid = {E39C1A17-ED82-44F1-A5FA-CAEBFB15646F}
	EndGlobalSection
EndGlobal
